// !$*UTF8*$!
{
	archiveVersion = 1;
	classes = {
	};
	objectVersion = 46;
	objects = {

/* Begin PBXBuildFile section */
		FD0234701E2F009200E970CE /* AppDelegate.swift in Sources */ = {isa = PBXBuildFile; fileRef = FD02346F1E2F009200E970CE /* AppDelegate.swift */; };
		FD0234721E2F009200E970CE /* ViewController.swift in Sources */ = {isa = PBXBuildFile; fileRef = FD0234711E2F009200E970CE /* ViewController.swift */; };
		FD0234751E2F009200E970CE /* Main.storyboard in Resources */ = {isa = PBXBuildFile; fileRef = FD0234731E2F009200E970CE /* Main.storyboard */; };
		FD0234771E2F009200E970CE /* Assets.xcassets in Resources */ = {isa = PBXBuildFile; fileRef = FD0234761E2F009200E970CE /* Assets.xcassets */; };
		FD02347A1E2F009200E970CE /* LaunchScreen.storyboard in Resources */ = {isa = PBXBuildFile; fileRef = FD0234781E2F009200E970CE /* LaunchScreen.storyboard */; };
/* End PBXBuildFile section */

/* Begin PBXFileReference section */
		FD02346C1E2F009200E970CE /* ControlFun_MAPD124.app */ = {isa = PBXFileReference; explicitFileType = wrapper.application; includeInIndex = 0; path = ControlFun_MAPD124.app; sourceTree = BUILT_PRODUCTS_DIR; };
		FD02346F1E2F009200E970CE /* AppDelegate.swift */ = {isa = PBXFileReference; lastKnownFileType = sourcecode.swift; path = AppDelegate.swift; sourceTree = "<group>"; };
		FD0234711E2F009200E970CE /* ViewController.swift */ = {isa = PBXFileReference; lastKnownFileType = sourcecode.swift; path = ViewController.swift; sourceTree = "<group>"; };
		FD0234741E2F009200E970CE /* Base */ = {isa = PBXFileReference; lastKnownFileType = file.storyboard; name = Base; path = Base.lproj/Main.storyboard; sourceTree = "<group>"; };
		FD0234761E2F009200E970CE /* Assets.xcassets */ = {isa = PBXFileReference; lastKnownFileType = folder.assetcatalog; path = Assets.xcassets; sourceTree = "<group>"; };
		FD0234791E2F009200E970CE /* Base */ = {isa = PBXFileReference; lastKnownFileType = file.storyboard; name = Base; path = Base.lproj/LaunchScreen.storyboard; sourceTree = "<group>"; };
		FD02347B1E2F009200E970CE /* Info.plist */ = {isa = PBXFileReference; lastKnownFileType = text.plist.xml; path = Info.plist; sourceTree = "<group>"; };
/* End PBXFileReference section */

/* Begin PBXFrameworksBuildPhase section */
		FD0234691E2F009200E970CE /* Frameworks */ = {
			isa = PBXFrameworksBuildPhase;
			buildActionMask = 2147483647;
			files = (
			);
			runOnlyForDeploymentPostprocessing = 0;
		};
/* End PBXFrameworksBuildPhase section */

/* Begin PBXGroup section */
		FD0234631E2F009200E970CE = {
			isa = PBXGroup;
			children = (
				FD02346E1E2F009200E970CE /* ControlFun_MAPD124 */,
				FD02346D1E2F009200E970CE /* Products */,
			);
			sourceTree = "<group>";
		};
		FD02346D1E2F009200E970CE /* Products */ = {
			isa = PBXGroup;
			children = (
				FD02346C1E2F009200E970CE /* ControlFun_MAPD124.app */,
			);
			name = Products;
			sourceTree = "<group>";
		};
		FD02346E1E2F009200E970CE /* ControlFun_MAPD124 */ = {
			isa = PBXGroup;
			children = (
				FD02346F1E2F009200E970CE /* AppDelegate.swift */,
				FD0234711E2F009200E970CE /* ViewController.swift */,
				FD0234731E2F009200E970CE /* Main.storyboard */,
				FD0234761E2F009200E970CE /* Assets.xcassets */,
				FD0234781E2F009200E970CE /* LaunchScreen.storyboard */,
				FD02347B1E2F009200E970CE /* Info.plist */,
			);
			path = ControlFun_MAPD124;
			sourceTree = "<group>";
		};
/* End PBXGroup section */

/* Begin PBXNativeTarget section */
		FD02346B1E2F009200E970CE /* ControlFun_MAPD124 */ = {
			isa = PBXNativeTarget;
			buildConfigurationList = FD02347E1E2F009200E970CE /* Build configuration list for PBXNativeTarget "ControlFun_MAPD124" */;
			buildPhases = (
				FD0234681E2F009200E970CE /* Sources */,
				FD0234691E2F009200E970CE /* Frameworks */,
				FD02346A1E2F009200E970CE /* Resources */,
			);
			buildRules = (
			);
			dependencies = (
			);
			name = ControlFun_MAPD124;
			productName = ControlFun_MAPD124;
			productReference = FD02346C1E2F009200E970CE /* ControlFun_MAPD124.app */;
			productType = "com.apple.product-type.application";
		};
/* End PBXNativeTarget section */

/* Begin PBXProject section */
		FD0234641E2F009200E970CE /* Project object */ = {
			isa = PBXProject;
			attributes = {
				LastSwiftUpdateCheck = 0820;
				LastUpgradeCheck = 0820;
				ORGANIZATIONNAME = Basil;
				TargetAttributes = {
					FD02346B1E2F009200E970CE = {
						CreatedOnToolsVersion = 8.2.1;
						DevelopmentTeam = 2BULHRS882;
						ProvisioningStyle = Automatic;
					};
				};
			};
			buildConfigurationList = FD0234671E2F009200E970CE /* Build configuration list for PBXProject "ControlFun_MAPD124" */;
			compatibilityVersion = "Xcode 3.2";
			developmentRegion = English;
			hasScannedForEncodings = 0;
			knownRegions = (
				en,
				Base,
			);
			mainGroup = FD0234631E2F009200E970CE;
			productRefGroup = FD02346D1E2F009200E970CE /* Products */;
			projectDirPath = "";
			projectRoot = "";
			targets = (
				FD02346B1E2F009200E970CE /* ControlFun_MAPD124 */,
			);
		};
/* End PBXProject section */

/* Begin PBXResourcesBuildPhase section */
		FD02346A1E2F009200E970CE /* Resources */ = {
			isa = PBXResourcesBuildPhase;
			buildActionMask = 2147483647;
			files = (
				FD02347A1E2F009200E970CE /* LaunchScreen.storyboard in Resources */,
				FD0234771E2F009200E970CE /* Assets.xcassets in Resources */,
				FD0234751E2F009200E970CE /* Main.storyboard in Resources */,
			);
			runOnlyForDeploymentPostprocessing = 0;
		};
/* End PBXResourcesBuildPhase section */

/* Begin PBXSourcesBuildPhase section */
		FD0234681E2F009200E970CE /* Sources */ = {
			isa = PBXSourcesBuildPhase;
			buildActionMask = 2147483647;
			files = (
				FD0234721E2F009200E970CE /* ViewController.swift in Sources */,
				FD0234701E2F009200E970CE /* AppDelegate.swift in Sources */,
			);
			runOnlyForDeploymentPostprocessing = 0;
		};
/* End PBXSourcesBuildPhase section */

/* Begin PBXVariantGroup section */
		FD0234731E2F009200E970CE /* Main.storyboard */ = {
			isa = PBXVariantGroup;
			children = (
				FD0234741E2F009200E970CE /* Base */,
			);
			name = Main.storyboard;
			sourceTree = "<group>";
		};
		FD0234781E2F009200E970CE /* LaunchScreen.storyboard */ = {
			isa = PBXVariantGroup;
			children = (
				FD0234791E2F009200E970CE /* Base */,
			);
			name = LaunchScreen.storyboard;
			sourceTree = "<group>";
		};
/* End PBXVariantGroup section */

/* Begin XCBuildConfiguration section */
		FD02347C1E2F009200E970CE /* Debug */ = {
			isa = XCBuildConfiguration;
			buildSettings = {
				ALWAYS_SEARCH_USER_PATHS = NO;
				CLANG_ANALYZER_NONNULL = YES;
				CLANG_CXX_LANGUAGE_STANDARD = "gnu++0x";
				CLANG_CXX_LIBRARY = "libc++";
				CLANG_ENABLE_MODULES = YES;
				CLANG_ENABLE_OBJC_ARC = YES;
				CLANG_WARN_BOOL_CONVERSION = YES;
				CLANG_WARN_CONSTANT_CONVERSION = YES;
				CLANG_WARN_DIRECT_OBJC_ISA_USAGE = YES_ERROR;
				CLANG_WARN_DOCUMENTATION_COMMENTS = YES;
				CLANG_WARN_EMPTY_BODY = YES;
				CLANG_WARN_ENUM_CONVERSION = YES;
				CLANG_WARN_INFINITE_RECURSION = YES;
				CLANG_WARN_INT_CONVERSION = YES;
				CLANG_WARN_OBJC_ROOT_CLASS = YES_ERROR;
				CLANG_WARN_SUSPICIOUS_MOVE = YES;
				CLANG_WARN_UNREACHABLE_CODE = YES;
				CLANG_WARN__DUPLICATE_METHOD_MATCH = YES;
				"CODE_SIGN_IDENTITY[sdk=iphoneos*]" = "iPhone Developer";
				COPY_PHASE_STRIP = NO;
				DEBUG_INFORMATION_FORMAT = dwarf;
				ENABLE_STRICT_OBJC_MSGSEND = YES;
				ENABLE_TESTABILITY = YES;
				GCC_C_LANGUAGE_STANDARD = gnu99;
				GCC_DYNAMIC_NO_PIC = NO;
				GCC_NO_COMMON_BLOCKS = YES;
				GCC_OPTIMIZATION_LEVEL = 0;
				GCC_PREPROCESSOR_DEFINITIONS = (
					"DEBUG=1",
					"$(inherited)",
				);
				GCC_WARN_64_TO_32_BIT_CONVERSION = YES;
				GCC_WARN_ABOUT_RETURN_TYPE = YES_ERROR;
				GCC_WARN_UNDECLARED_SELECTOR = YES;
				GCC_WARN_UNINITIALIZED_AUTOS = YES_AGGRESSIVE;
				GCC_WARN_UNUSED_FUNCTION = YES;
				GCC_WARN_UNUSED_VARIABLE = YES;
				IPHONEOS_DEPLOYMENT_TARGET = 10.2;
				MTL_ENABLE_DEBUG_INFO = YES;
				ONLY_ACTIVE_ARCH = YES;
				SDKROOT = iphoneos;
				SWIFT_ACTIVE_COMPILATION_CONDITIONS = DEBUG;
				SWIFT_OPTIMIZATION_LEVEL = "-Onone";
				TARGETED_DEVICE_FAMILY = "1,2";
			};
			name = Debug;
		};
		FD02347D1E2F009200E970CE /* Release */ = {
			isa = XCBuildConfiguration;
			buildSettings = {
				ALWAYS_SEARCH_USER_PATHS = NO;
				CLANG_ANALYZER_NONNULL = YES;
				CLANG_CXX_LANGUAGE_STANDARD = "gnu++0x";
				CLANG_CXX_LIBRARY = "libc++";
				CLANG_ENABLE_MODULES = YES;
				CLANG_ENABLE_OBJC_ARC = YES;
				CLANG_WARN_BOOL_CONVERSION = YES;
				CLANG_WARN_CONSTANT_CONVERSION = YES;
				CLANG_WARN_DIRECT_OBJC_ISA_USAGE = YES_ERROR;
				CLANG_WARN_DOCUMENTATION_COMMENTS = YES;
				CLANG_WARN_EMPTY_BODY = YES;
				CLANG_WARN_ENUM_CONVERSION = YES;
				CLANG_WARN_INFINITE_RECURSION = YES;
				CLANG_WARN_INT_CONVERSION = YES;
				CLANG_WARN_OBJC_ROOT_CLASS = YES_ERROR;
				CLANG_WARN_SUSPICIOUS_MOVE = YES;
				CLANG_WARN_UNREACHABLE_CODE = YES;
				CLANG_WARN__DUPLICATE_METHOD_MATCH = YES;
				"CODE_SIGN_IDENTITY[sdk=iphoneos*]" = "iPhone Developer";
				COPY_PHASE_STRIP = NO;
				DEBUG_INFORMATION_FORMAT = "dwarf-with-dsym";
				ENABLE_NS_ASSERTIONS = NO;
				ENABLE_STRICT_OBJC_MSGSEND = YES;
				GCC_C_LANGUAGE_STANDARD = gnu99;
				GCC_NO_COMMON_BLOCKS = YES;
				GCC_WARN_64_TO_32_BIT_CONVERSION = YES;
				GCC_WARN_ABOUT_RETURN_TYPE = YES_ERROR;
				GCC_WARN_UNDECLARED_SELECTOR = YES;
				GCC_WARN_UNINITIALIZED_AUTOS = YES_AGGRESSIVE;
				GCC_WARN_UNUSED_FUNCTION = YES;
				GCC_WARN_UNUSED_VARIABLE = YES;
				IPHONEOS_DEPLOYMENT_TARGET = 10.2;
				MTL_ENABLE_DEBUG_INFO = NO;
				SDKROOT = iphoneos;
				SWIFT_OPTIMIZATION_LEVEL = "-Owholemodule";
				TARGETED_DEVICE_FAMILY = "1,2";
				VALIDATE_PRODUCT = YES;
			};
			name = Release;
		};
		FD02347F1E2F009200E970CE /* Debug */ = {
			isa = XCBuildConfiguration;
			buildSettings = {
				ASSETCATALOG_COMPILER_APPICON_NAME = AppIcon;
				DEVELOPMENT_TEAM = 2BULHRS882;
				INFOPLIST_FILE = ControlFun_MAPD124/Info.plist;
				LD_RUNPATH_SEARCH_PATHS = "$(inherited) @executable_path/Frameworks";
				PRODUCT_BUNDLE_IDENTIFIER = "com.centennial.ControlFun-MAPD124";
				PRODUCT_NAME = "$(TARGET_NAME)";
				SWIFT_VERSION = 3.0;
			};
			name = Debug;
		};
		FD0234801E2F009200E970CE /* Release */ = {
			isa = XCBuildConfiguration;
			buildSettings = {
				ASSETCATALOG_COMPILER_APPICON_NAME = AppIcon;
				DEVELOPMENT_TEAM = 2BULHRS882;
				INFOPLIST_FILE = ControlFun_MAPD124/Info.plist;
				LD_RUNPATH_SEARCH_PATHS = "$(inherited) @executable_path/Frameworks";
				PRODUCT_BUNDLE_IDENTIFIER = "com.centennial.ControlFun-MAPD124";
				PRODUCT_NAME = "$(TARGET_NAME)";
				SWIFT_VERSION = 3.0;
			};
			name = Release;
		};
/* End XCBuildConfiguration section */

/* Begin XCConfigurationList section */
		FD0234671E2F009200E970CE /* Build configuration list for PBXProject "ControlFun_MAPD124" */ = {
			isa = XCConfigurationList;
			buildConfigurations = (
				FD02347C1E2F009200E970CE /* Debug */,
				FD02347D1E2F009200E970CE /* Release */,
			);
			defaultConfigurationIsVisible = 0;
			defaultConfigurationName = Release;
		};
		FD02347E1E2F009200E970CE /* Build configuration list for PBXNativeTarget "ControlFun_MAPD124" */ = {
			isa = XCConfigurationList;
			buildConfigurations = (
				FD02347F1E2F009200E970CE /* Debug */,
				FD0234801E2F009200E970CE /* Release */,
			);
			defaultConfigurationIsVisible = 0;
		};
/* End XCConfigurationList section */
	};
	rootObject = FD0234641E2F009200E970CE /* Project object */;
}
